
Microsoft Visual Studio Solution File, Format Version 12.00
# Visual Studio Version 17
VisualStudioVersion = 17.5.002.0
MinimumVisualStudioVersion = 10.0.40219.1
Project("{9A19103F-16F7-4668-BE54-9A1E7A4F7556}") = "Atividade", "Atividade\Atividade.csproj", "{35188477-61FC-4289-A22C-868BFAFB9E47}"
EndProject
Global
	GlobalSection(SolutionConfigurationPlatforms) = preSolution
		Debug|Any CPU = Debug|Any CPU
		Release|Any CPU = Release|Any CPU
	EndGlobalSection
	GlobalSection(ProjectConfigurationPlatforms) = postSolution
		{35188477-61FC-4289-A22C-868BFAFB9E47}.Debug|Any CPU.ActiveCfg = Debug|Any CPU
		{35188477-61FC-4289-A22C-868BFAFB9E47}.Debug|Any CPU.Build.0 = Debug|Any CPU
		{35188477-61FC-4289-A22C-868BFAFB9E47}.Release|Any CPU.ActiveCfg = Release|Any CPU
		{35188477-61FC-4289-A22C-868BFAFB9E47}.Release|Any CPU.Build.0 = Release|Any CPU
	EndGlobalSection
	GlobalSection(SolutionProperties) = preSolution
		HideSolutionNode = FALSE
	EndGlobalSection
	GlobalSection(ExtensibilityGlobals) = postSolution
		SolutionGuid = {31C41878-BCC2-449F-914A-24D9F6850947}
	EndGlobalSection
EndGlobal
